# This file is generated by running "yarn install" inside your project.
# Manual changes might be lost - proceed with caution!

__metadata:
  version: 6
  cacheKey: 8

"@joggr/tempo@npm:^0.8.3":
  version: 0.8.3
  resolution: "@joggr/tempo@npm:0.8.3"
  checksum: 01c97eb817f928adfc9919bcee3b9eff7e6dbe464fd92c6ece8fa9631bda33c26c2adac5a9791121328fc85a2f52ed04917dc50e9c22d21c9636675b08eeb921
  languageName: node
  linkType: hard

"@types/lodash@npm:^4.17.0":
  version: 4.17.0
  resolution: "@types/lodash@npm:4.17.0"
  checksum: 3f98c0b67a93994cbc3403d4fa9dbaf52b0b6bb7f07a764d73875c2dcd5ef91222621bd5bcf8eee7b417a74d175c2f7191b9f595f8603956fd06f0674c0cba93
  languageName: node
  linkType: hard

"helpers@workspace:.":
  version: 0.0.0-use.local
  resolution: "helpers@workspace:."
  dependencies:
    "@joggr/tempo": ^0.8.3
    "@types/lodash": ^4.17.0
    husky: ^9.0.11
    lodash: ^4.17.21
  languageName: unknown
  linkType: soft

"husky@npm:^9.0.11":
  version: 9.0.11
  resolution: "husky@npm:9.0.11"
  bin:
    husky: bin.mjs
  checksum: 1aebc3334dc7ac6288ff5e1fb72cfb447cfa474e72cf7ba692e8c5698c573ab725c28c6a5088c9f8e6aca5f47d40fa7261beffbc07a4d307ca21656dc4571f07
  languageName: node
  linkType: hard

"lodash@npm:^4.17.21":
  version: 4.17.21
  resolution: "lodash@npm:4.17.21"
  checksum: eb835a2e51d381e561e508ce932ea50a8e5a68f4ebdd771ea240d3048244a8d13658acbd502cd4829768c56f2e16bdd4340b9ea141297d472517b83868e677f7
  languageName: node
  linkType: hard
